{
  "name": "example",
  "version": "1.0.0",
  "lockfileVersion": 3,
  "requires": true,
  "packages": {
    "": {
      "name": "example",
      "version": "1.0.0",
      "license": "ISC",
      "dependencies": {
        "date-fns": "^2.30.0",
        "final-vr-manisha-2": "^1.0.0"
      },
      "devDependencies": {
        "typescript": "^5.2.2"
      }
    },
    "..": {
      "version": "1.0.0",
      "extraneous": true,
      "license": "MIT",
      "devDependencies": {
        "@changesets/cli": "^2.26.2",
        "@typescript-eslint/eslint-plugin": "^6.10.0",
        "@typescript-eslint/parser": "^6.10.0",
        "eslint": "^8.53.0",
        "eslint-config-prettier": "^9.0.0",
        "eslint-plugin-prettier": "^5.0.1",
        "express": "^4.18.2",
        "husky": "^8.0.3",
        "lint-staged": "^15.0.2",
        "prettier": "^3.0.3",
        "tsup": "^7.2.0",
        "typescript": "^5.2.2"
      }
    },
    "node_modules/@babel/runtime": {
      "version": "7.23.4",
      "resolved": "https://registry.npmjs.org/@babel/runtime/-/runtime-7.23.4.tgz",
      "integrity": "sha512-2Yv65nlWnWlSpe3fXEyX5i7fx5kIKo4Qbcj+hMO0odwaneFjfXw5fdum+4yL20O0QiaHpia0cYQ9xpNMqrBwHg==",
      "dependencies": {
        "regenerator-runtime": "^0.14.0"
      },
      "engines": {
        "node": ">=6.9.0"
      }
    },
    "node_modules/date-fns": {
      "version": "2.30.0",
      "resolved": "https://registry.npmjs.org/date-fns/-/date-fns-2.30.0.tgz",
      "integrity": "sha512-fnULvOpxnC5/Vg3NCiWelDsLiUc9bRwAPs/+LfTLNvetFCtCTN+yQz15C/fs4AwX1R9K5GLtLfn8QW+dWisaAw==",
      "dependencies": {
        "@babel/runtime": "^7.21.0"
      },
      "engines": {
        "node": ">=0.11"
      },
      "funding": {
        "type": "opencollective",
        "url": "https://opencollective.com/date-fns"
      }
    },
    "node_modules/final-vr-manisha-2": {
      "version": "1.0.0",
      "resolved": "https://registry.npmjs.org/final-vr-manisha-2/-/final-vr-manisha-2-1.0.0.tgz",
      "integrity": "sha512-99IK++rQYbHUK4FQn5ZW8JiaLkKZOQVF6WeCWsCr5xf90xERhwn/nWqsW4lZRP2LvEy2zdWfKnNC/NWpb2sgrg==",
      "dependencies": {
        "vanilla-router-dom": "^1.0.3"
      }
    },
    "node_modules/regenerator-runtime": {
      "version": "0.14.0",
      "resolved": "https://registry.npmjs.org/regenerator-runtime/-/regenerator-runtime-0.14.0.tgz",
      "integrity": "sha512-srw17NI0TUWHuGa5CFGGmhfNIeja30WMBfbslPNhf6JrqQlLN5gcrvig1oqPxiVaXb0oW0XRKtH6Nngs5lKCIA=="
    },
    "node_modules/typescript": {
      "version": "5.2.2",
      "resolved": "https://registry.npmjs.org/typescript/-/typescript-5.2.2.tgz",
      "integrity": "sha512-mI4WrpHsbCIcwT9cF4FZvr80QUeKvsUsUvKDoR+X/7XHQH98xYD8YHZg7ANtz2GtZt/CBq2QJ0thkGJMHfqc1w==",
      "dev": true,
      "bin": {
        "tsc": "bin/tsc",
        "tsserver": "bin/tsserver"
      },
      "engines": {
        "node": ">=14.17"
      }
    },
    "node_modules/vanilla-router-dom": {
      "version": "1.0.3",
      "resolved": "https://registry.npmjs.org/vanilla-router-dom/-/vanilla-router-dom-1.0.3.tgz",
      "integrity": "sha512-eMH3rNo08/iMLBimBnQ9TamQODPHIjQwTowdbrpTHVrZKMZRL56L9U/ctv2xkTf9Et/RtQ+BAQQrGReSEKUz+w=="
    }
  }
}
